
Microsoft Visual Studio Solution File, Format Version 12.00
# Visual Studio 2012
Project("{FAE04EC0-301F-11D3-BF4B-00C04F79EFBC}") = "AdventureWorksDataLayer", "AdventureWorksDataLayer\AdventureWorksDataLayer.csproj", "{33D7F8C2-FFCC-4900-B606-54A7648966D7}"
EndProject
Global
	GlobalSection(SolutionConfigurationPlatforms) = preSolution
		Debug|Any CPU = Debug|Any CPU
		Release|Any CPU = Release|Any CPU
	EndGlobalSection
	GlobalSection(ProjectConfigurationPlatforms) = postSolution
		{33D7F8C2-FFCC-4900-B606-54A7648966D7}.Debug|Any CPU.ActiveCfg = Debug|Any CPU
		{33D7F8C2-FFCC-4900-B606-54A7648966D7}.Debug|Any CPU.Build.0 = Debug|Any CPU
		{33D7F8C2-FFCC-4900-B606-54A7648966D7}.Release|Any CPU.ActiveCfg = Release|Any CPU
		{33D7F8C2-FFCC-4900-B606-54A7648966D7}.Release|Any CPU.Build.0 = Release|Any CPU
	EndGlobalSection
	GlobalSection(SolutionProperties) = preSolution
		HideSolutionNode = FALSE
	EndGlobalSection
EndGlobal
