
Microsoft Visual Studio Solution File, Format Version 11.00
# Visual Studio 2010
Project("{FAE04EC0-301F-11D3-BF4B-00C04F79EFBC}") = "Permutation", "Permutation\Permutation.csproj", "{5549FCBE-7AE0-42B5-900F-B2AA516EA21F}"
EndProject
Project("{2150E333-8FDC-42A3-9474-1A3956D46DE8}") = "Solution Items", "Solution Items", "{CC8F5887-BC79-48AE-BF6A-22341EB7FCE0}"
	ProjectSection(SolutionItems) = preProject
		Question.txt = Question.txt
	EndProjectSection
EndProject
Global
	GlobalSection(SolutionConfigurationPlatforms) = preSolution
		Debug|x86 = Debug|x86
		Release|x86 = Release|x86
	EndGlobalSection
	GlobalSection(ProjectConfigurationPlatforms) = postSolution
		{5549FCBE-7AE0-42B5-900F-B2AA516EA21F}.Debug|x86.ActiveCfg = Debug|x86
		{5549FCBE-7AE0-42B5-900F-B2AA516EA21F}.Debug|x86.Build.0 = Debug|x86
		{5549FCBE-7AE0-42B5-900F-B2AA516EA21F}.Release|x86.ActiveCfg = Release|x86
		{5549FCBE-7AE0-42B5-900F-B2AA516EA21F}.Release|x86.Build.0 = Release|x86
	EndGlobalSection
	GlobalSection(SolutionProperties) = preSolution
		HideSolutionNode = FALSE
	EndGlobalSection
EndGlobal
