
Microsoft Visual Studio Solution File, Format Version 11.00
# Visual Studio 2010
Project("{FAE04EC0-301F-11D3-BF4B-00C04F79EFBC}") = "OOPAccessModifier", "OOPAccessModifier\OOPAccessModifier.csproj", "{3A999D05-58FD-438B-A785-035A3F4F780A}"
EndProject
Project("{FAE04EC0-301F-11D3-BF4B-00C04F79EFBC}") = "Inheritance", "Inheritance\Inheritance.csproj", "{313EF24E-A4E1-4FEB-A1BD-A61FAB4609D8}"
EndProject
Project("{FAE04EC0-301F-11D3-BF4B-00C04F79EFBC}") = "Polymorphism", "Polymorphism\Polymorphism.csproj", "{234044E8-4E46-4DBC-A5EA-F4162FB3C15A}"
EndProject
Project("{FAE04EC0-301F-11D3-BF4B-00C04F79EFBC}") = "InterfaceAccess", "InterfaceAccess\InterfaceAccess.csproj", "{929F4BC9-E421-4484-AF6C-AD527DD1DAD8}"
EndProject
Global
	GlobalSection(SolutionConfigurationPlatforms) = preSolution
		Debug|Any CPU = Debug|Any CPU
		Debug|Mixed Platforms = Debug|Mixed Platforms
		Debug|x86 = Debug|x86
		Release|Any CPU = Release|Any CPU
		Release|Mixed Platforms = Release|Mixed Platforms
		Release|x86 = Release|x86
	EndGlobalSection
	GlobalSection(ProjectConfigurationPlatforms) = postSolution
		{3A999D05-58FD-438B-A785-035A3F4F780A}.Debug|Any CPU.ActiveCfg = Debug|x86
		{3A999D05-58FD-438B-A785-035A3F4F780A}.Debug|Mixed Platforms.ActiveCfg = Debug|x86
		{3A999D05-58FD-438B-A785-035A3F4F780A}.Debug|Mixed Platforms.Build.0 = Debug|x86
		{3A999D05-58FD-438B-A785-035A3F4F780A}.Debug|x86.ActiveCfg = Debug|x86
		{3A999D05-58FD-438B-A785-035A3F4F780A}.Debug|x86.Build.0 = Debug|x86
		{3A999D05-58FD-438B-A785-035A3F4F780A}.Release|Any CPU.ActiveCfg = Release|x86
		{3A999D05-58FD-438B-A785-035A3F4F780A}.Release|Mixed Platforms.ActiveCfg = Release|x86
		{3A999D05-58FD-438B-A785-035A3F4F780A}.Release|Mixed Platforms.Build.0 = Release|x86
		{3A999D05-58FD-438B-A785-035A3F4F780A}.Release|x86.ActiveCfg = Release|x86
		{3A999D05-58FD-438B-A785-035A3F4F780A}.Release|x86.Build.0 = Release|x86
		{313EF24E-A4E1-4FEB-A1BD-A61FAB4609D8}.Debug|Any CPU.ActiveCfg = Debug|Any CPU
		{313EF24E-A4E1-4FEB-A1BD-A61FAB4609D8}.Debug|Any CPU.Build.0 = Debug|Any CPU
		{313EF24E-A4E1-4FEB-A1BD-A61FAB4609D8}.Debug|Mixed Platforms.ActiveCfg = Debug|Any CPU
		{313EF24E-A4E1-4FEB-A1BD-A61FAB4609D8}.Debug|Mixed Platforms.Build.0 = Debug|Any CPU
		{313EF24E-A4E1-4FEB-A1BD-A61FAB4609D8}.Debug|x86.ActiveCfg = Debug|Any CPU
		{313EF24E-A4E1-4FEB-A1BD-A61FAB4609D8}.Release|Any CPU.ActiveCfg = Release|Any CPU
		{313EF24E-A4E1-4FEB-A1BD-A61FAB4609D8}.Release|Any CPU.Build.0 = Release|Any CPU
		{313EF24E-A4E1-4FEB-A1BD-A61FAB4609D8}.Release|Mixed Platforms.ActiveCfg = Release|Any CPU
		{313EF24E-A4E1-4FEB-A1BD-A61FAB4609D8}.Release|Mixed Platforms.Build.0 = Release|Any CPU
		{313EF24E-A4E1-4FEB-A1BD-A61FAB4609D8}.Release|x86.ActiveCfg = Release|Any CPU
		{234044E8-4E46-4DBC-A5EA-F4162FB3C15A}.Debug|Any CPU.ActiveCfg = Debug|Any CPU
		{234044E8-4E46-4DBC-A5EA-F4162FB3C15A}.Debug|Any CPU.Build.0 = Debug|Any CPU
		{234044E8-4E46-4DBC-A5EA-F4162FB3C15A}.Debug|Mixed Platforms.ActiveCfg = Debug|Any CPU
		{234044E8-4E46-4DBC-A5EA-F4162FB3C15A}.Debug|Mixed Platforms.Build.0 = Debug|Any CPU
		{234044E8-4E46-4DBC-A5EA-F4162FB3C15A}.Debug|x86.ActiveCfg = Debug|Any CPU
		{234044E8-4E46-4DBC-A5EA-F4162FB3C15A}.Release|Any CPU.ActiveCfg = Release|Any CPU
		{234044E8-4E46-4DBC-A5EA-F4162FB3C15A}.Release|Any CPU.Build.0 = Release|Any CPU
		{234044E8-4E46-4DBC-A5EA-F4162FB3C15A}.Release|Mixed Platforms.ActiveCfg = Release|Any CPU
		{234044E8-4E46-4DBC-A5EA-F4162FB3C15A}.Release|Mixed Platforms.Build.0 = Release|Any CPU
		{234044E8-4E46-4DBC-A5EA-F4162FB3C15A}.Release|x86.ActiveCfg = Release|Any CPU
		{929F4BC9-E421-4484-AF6C-AD527DD1DAD8}.Debug|Any CPU.ActiveCfg = Debug|Any CPU
		{929F4BC9-E421-4484-AF6C-AD527DD1DAD8}.Debug|Any CPU.Build.0 = Debug|Any CPU
		{929F4BC9-E421-4484-AF6C-AD527DD1DAD8}.Debug|Mixed Platforms.ActiveCfg = Debug|Any CPU
		{929F4BC9-E421-4484-AF6C-AD527DD1DAD8}.Debug|Mixed Platforms.Build.0 = Debug|Any CPU
		{929F4BC9-E421-4484-AF6C-AD527DD1DAD8}.Debug|x86.ActiveCfg = Debug|Any CPU
		{929F4BC9-E421-4484-AF6C-AD527DD1DAD8}.Release|Any CPU.ActiveCfg = Release|Any CPU
		{929F4BC9-E421-4484-AF6C-AD527DD1DAD8}.Release|Any CPU.Build.0 = Release|Any CPU
		{929F4BC9-E421-4484-AF6C-AD527DD1DAD8}.Release|Mixed Platforms.ActiveCfg = Release|Any CPU
		{929F4BC9-E421-4484-AF6C-AD527DD1DAD8}.Release|Mixed Platforms.Build.0 = Release|Any CPU
		{929F4BC9-E421-4484-AF6C-AD527DD1DAD8}.Release|x86.ActiveCfg = Release|Any CPU
	EndGlobalSection
	GlobalSection(SolutionProperties) = preSolution
		HideSolutionNode = FALSE
	EndGlobalSection
EndGlobal
