
Microsoft Visual Studio Solution File, Format Version 11.00
# Visual Studio 2010
Project("{8BC9CEB8-8B4A-11D0-8D11-00A0C91BC942}") = "EncapInheritancePolymor", "EncapInheritancePolymor\EncapInheritancePolymor.vcxproj", "{18431704-7692-4A15-A6B7-AEFBB46802B9}"
EndProject
Global
	GlobalSection(SolutionConfigurationPlatforms) = preSolution
		Debug|Win32 = Debug|Win32
		Release|Win32 = Release|Win32
	EndGlobalSection
	GlobalSection(ProjectConfigurationPlatforms) = postSolution
		{18431704-7692-4A15-A6B7-AEFBB46802B9}.Debug|Win32.ActiveCfg = Debug|Win32
		{18431704-7692-4A15-A6B7-AEFBB46802B9}.Debug|Win32.Build.0 = Debug|Win32
		{18431704-7692-4A15-A6B7-AEFBB46802B9}.Release|Win32.ActiveCfg = Release|Win32
		{18431704-7692-4A15-A6B7-AEFBB46802B9}.Release|Win32.Build.0 = Release|Win32
	EndGlobalSection
	GlobalSection(SolutionProperties) = preSolution
		HideSolutionNode = FALSE
	EndGlobalSection
EndGlobal
